
Microsoft Visual Studio Solution File, Format Version 12.00
# Visual Studio Version 17
VisualStudioVersion = 17.10.34928.147
MinimumVisualStudioVersion = 10.0.40219.1
Project("{FAE04EC0-301F-11D3-BF4B-00C04F79EFBC}") = "RentalFlix", "RentalFlix.csproj", "{C9D57D7E-0243-4D32-8686-FF1C5A7357D3}"
EndProject
Global
	GlobalSection(SolutionConfigurationPlatforms) = preSolution
		Debug|Any CPU = Debug|Any CPU
		Release|Any CPU = Release|Any CPU
	EndGlobalSection
	GlobalSection(ProjectConfigurationPlatforms) = postSolution
		{C9D57D7E-0243-4D32-8686-FF1C5A7357D3}.Debug|Any CPU.ActiveCfg = Debug|Any CPU
		{C9D57D7E-0243-4D32-8686-FF1C5A7357D3}.Debug|Any CPU.Build.0 = Debug|Any CPU
		{C9D57D7E-0243-4D32-8686-FF1C5A7357D3}.Release|Any CPU.ActiveCfg = Release|Any CPU
		{C9D57D7E-0243-4D32-8686-FF1C5A7357D3}.Release|Any CPU.Build.0 = Release|Any CPU
	EndGlobalSection
	GlobalSection(SolutionProperties) = preSolution
		HideSolutionNode = FALSE
	EndGlobalSection
	GlobalSection(ExtensibilityGlobals) = postSolution
		SolutionGuid = {8100B3D5-E80E-471E-85FF-3987FF9ED8BB}
	EndGlobalSection
EndGlobal
